
Microsoft Visual Studio Solution File, Format Version 12.00
# Visual Studio Version 17
VisualStudioVersion = 17.4.33213.308
MinimumVisualStudioVersion = 10.0.40219.1
Project("{FAE04EC0-301F-11D3-BF4B-00C04F79EFBC}") = "ECommerceWebsite.MvcWebUI", "ECommerceWebsite.MvcWebUI\ECommerceWebsite.MvcWebUI.csproj", "{58ECC6B0-314E-493B-990B-6E2ED6BA6DA5}"
EndProject
Global
	GlobalSection(SolutionConfigurationPlatforms) = preSolution
		Debug|Any CPU = Debug|Any CPU
		Release|Any CPU = Release|Any CPU
	EndGlobalSection
	GlobalSection(ProjectConfigurationPlatforms) = postSolution
		{58ECC6B0-314E-493B-990B-6E2ED6BA6DA5}.Debug|Any CPU.ActiveCfg = Debug|Any CPU
		{58ECC6B0-314E-493B-990B-6E2ED6BA6DA5}.Debug|Any CPU.Build.0 = Debug|Any CPU
		{58ECC6B0-314E-493B-990B-6E2ED6BA6DA5}.Release|Any CPU.ActiveCfg = Release|Any CPU
		{58ECC6B0-314E-493B-990B-6E2ED6BA6DA5}.Release|Any CPU.Build.0 = Release|Any CPU
	EndGlobalSection
	GlobalSection(SolutionProperties) = preSolution
		HideSolutionNode = FALSE
	EndGlobalSection
	GlobalSection(ExtensibilityGlobals) = postSolution
		SolutionGuid = {4426026B-FD84-419C-A9BB-24ABE31A35F0}
	EndGlobalSection
EndGlobal
